
Microsoft Visual Studio Solution File, Format Version 12.00
# Visual Studio Version 16
VisualStudioVersion = 16.0.30406.217
MinimumVisualStudioVersion = 10.0.40219.1
Project("{2150E333-8FDC-42A3-9474-1A3956D46DE8}") = "Docs", "Docs", "{60243253-434A-4F6A-A673-613C1A208D9A}"
	ProjectSection(SolutionItems) = preProject
		..\CHANGELOG.md = ..\CHANGELOG.md
		..\CODE_OF_CONDUCT.md = ..\CODE_OF_CONDUCT.md
		..\CONTRIBUTING.md = ..\CONTRIBUTING.md
		..\CONTRIBUTORS.md = ..\CONTRIBUTORS.md
		..\FAQ.md = ..\FAQ.md
		..\LICENSE = ..\LICENSE
		..\README.md = ..\README.md
		..\RELEASENOTES.md = ..\RELEASENOTES.md
		..\ROADMAP.md = ..\ROADMAP.md
	EndProjectSection
EndProject
Project("{FAE04EC0-301F-11D3-BF4B-00C04F79EFBC}") = "SymuSysDynApp", "SymuSysDynApp\SymuSysDynApp.csproj", "{A36A50E6-545B-4914-9097-33BCD5C622C8}"
EndProject
Project("{FAE04EC0-301F-11D3-BF4B-00C04F79EFBC}") = "SymuSysDyn", "SymuSysDyn\SymuSysDyn.csproj", "{641CBFD1-6B1A-4B49-B21E-387DD1777BCE}"
EndProject
Project("{FAE04EC0-301F-11D3-BF4B-00C04F79EFBC}") = "SymuSysDynTests", "SymuSysDynTests\SymuSysDynTests.csproj", "{769AC7C8-09E9-41B3-A701-70607CA8658A}"
EndProject
Global
	GlobalSection(SolutionConfigurationPlatforms) = preSolution
		Debug|Any CPU = Debug|Any CPU
		Debug|x64 = Debug|x64
		Release|Any CPU = Release|Any CPU
		Release|x64 = Release|x64
	EndGlobalSection
	GlobalSection(ProjectConfigurationPlatforms) = postSolution
		{A36A50E6-545B-4914-9097-33BCD5C622C8}.Debug|Any CPU.ActiveCfg = Debug|Any CPU
		{A36A50E6-545B-4914-9097-33BCD5C622C8}.Debug|Any CPU.Build.0 = Debug|Any CPU
		{A36A50E6-545B-4914-9097-33BCD5C622C8}.Debug|x64.ActiveCfg = Debug|Any CPU
		{A36A50E6-545B-4914-9097-33BCD5C622C8}.Debug|x64.Build.0 = Debug|Any CPU
		{A36A50E6-545B-4914-9097-33BCD5C622C8}.Release|Any CPU.ActiveCfg = Release|Any CPU
		{A36A50E6-545B-4914-9097-33BCD5C622C8}.Release|Any CPU.Build.0 = Release|Any CPU
		{A36A50E6-545B-4914-9097-33BCD5C622C8}.Release|x64.ActiveCfg = Release|Any CPU
		{A36A50E6-545B-4914-9097-33BCD5C622C8}.Release|x64.Build.0 = Release|Any CPU
		{641CBFD1-6B1A-4B49-B21E-387DD1777BCE}.Debug|Any CPU.ActiveCfg = Debug|Any CPU
		{641CBFD1-6B1A-4B49-B21E-387DD1777BCE}.Debug|Any CPU.Build.0 = Debug|Any CPU
		{641CBFD1-6B1A-4B49-B21E-387DD1777BCE}.Debug|x64.ActiveCfg = Debug|Any CPU
		{641CBFD1-6B1A-4B49-B21E-387DD1777BCE}.Debug|x64.Build.0 = Debug|Any CPU
		{641CBFD1-6B1A-4B49-B21E-387DD1777BCE}.Release|Any CPU.ActiveCfg = Release|Any CPU
		{641CBFD1-6B1A-4B49-B21E-387DD1777BCE}.Release|Any CPU.Build.0 = Release|Any CPU
		{641CBFD1-6B1A-4B49-B21E-387DD1777BCE}.Release|x64.ActiveCfg = Release|Any CPU
		{641CBFD1-6B1A-4B49-B21E-387DD1777BCE}.Release|x64.Build.0 = Release|Any CPU
		{769AC7C8-09E9-41B3-A701-70607CA8658A}.Debug|Any CPU.ActiveCfg = Debug|Any CPU
		{769AC7C8-09E9-41B3-A701-70607CA8658A}.Debug|Any CPU.Build.0 = Debug|Any CPU
		{769AC7C8-09E9-41B3-A701-70607CA8658A}.Debug|x64.ActiveCfg = Debug|Any CPU
		{769AC7C8-09E9-41B3-A701-70607CA8658A}.Debug|x64.Build.0 = Debug|Any CPU
		{769AC7C8-09E9-41B3-A701-70607CA8658A}.Release|Any CPU.ActiveCfg = Release|Any CPU
		{769AC7C8-09E9-41B3-A701-70607CA8658A}.Release|Any CPU.Build.0 = Release|Any CPU
		{769AC7C8-09E9-41B3-A701-70607CA8658A}.Release|x64.ActiveCfg = Release|Any CPU
		{769AC7C8-09E9-41B3-A701-70607CA8658A}.Release|x64.Build.0 = Release|Any CPU
	EndGlobalSection
	GlobalSection(SolutionProperties) = preSolution
		HideSolutionNode = FALSE
	EndGlobalSection
	GlobalSection(ExtensibilityGlobals) = postSolution
		SolutionGuid = {90BEB16E-AE42-4A1E-978B-0459239FBF6F}
	EndGlobalSection
EndGlobal
